
Microsoft Visual Studio Solution File, Format Version 12.00
# Visual Studio 15
VisualStudioVersion = 15.0.28307.136
MinimumVisualStudioVersion = 10.0.40219.1
Project("{9A19103F-16F7-4668-BE54-9A1E7A4F7556}") = "DotnetCrawler.Sample", "DotnetCrawler.Sample\DotnetCrawler.Sample.csproj", "{3145760F-72E9-4D75-B4E6-2286374B6A4C}"
EndProject
Project("{9A19103F-16F7-4668-BE54-9A1E7A4F7556}") = "DotnetCrawler.Data", "DotnetCrawler.Data\DotnetCrawler.Data.csproj", "{DC7E573A-6BC6-4E1F-9CF5-4D0C93B4864C}"
EndProject
Project("{FAE04EC0-301F-11D3-BF4B-00C04F79EFBC}") = "DotnetCrawler.Request", "DotnetCrawler.Request\DotnetCrawler.Request.csproj", "{D212518F-B5D3-4DBC-AB39-AFDE1689A036}"
EndProject
Project("{FAE04EC0-301F-11D3-BF4B-00C04F79EFBC}") = "DotnetCrawler.Downloader", "DotnetCrawler.Downloader\DotnetCrawler.Downloader.csproj", "{CAEA4160-FEEA-4103-9ACC-CFB3E0F86FA1}"
EndProject
Project("{FAE04EC0-301F-11D3-BF4B-00C04F79EFBC}") = "DotnetCrawler.Processor", "DotnetCrawler.Processor\DotnetCrawler.Processor.csproj", "{E0B34C23-52C1-46EB-8122-9E76C4B5AC1A}"
EndProject
Global
	GlobalSection(SolutionConfigurationPlatforms) = preSolution
		Debug|Any CPU = Debug|Any CPU
		Release|Any CPU = Release|Any CPU
	EndGlobalSection
	GlobalSection(ProjectConfigurationPlatforms) = postSolution
		{3145760F-72E9-4D75-B4E6-2286374B6A4C}.Debug|Any CPU.ActiveCfg = Debug|Any CPU
		{3145760F-72E9-4D75-B4E6-2286374B6A4C}.Debug|Any CPU.Build.0 = Debug|Any CPU
		{3145760F-72E9-4D75-B4E6-2286374B6A4C}.Release|Any CPU.ActiveCfg = Release|Any CPU
		{3145760F-72E9-4D75-B4E6-2286374B6A4C}.Release|Any CPU.Build.0 = Release|Any CPU
		{DC7E573A-6BC6-4E1F-9CF5-4D0C93B4864C}.Debug|Any CPU.ActiveCfg = Debug|Any CPU
		{DC7E573A-6BC6-4E1F-9CF5-4D0C93B4864C}.Debug|Any CPU.Build.0 = Debug|Any CPU
		{DC7E573A-6BC6-4E1F-9CF5-4D0C93B4864C}.Release|Any CPU.ActiveCfg = Release|Any CPU
		{DC7E573A-6BC6-4E1F-9CF5-4D0C93B4864C}.Release|Any CPU.Build.0 = Release|Any CPU
		{D212518F-B5D3-4DBC-AB39-AFDE1689A036}.Debug|Any CPU.ActiveCfg = Debug|Any CPU
		{D212518F-B5D3-4DBC-AB39-AFDE1689A036}.Debug|Any CPU.Build.0 = Debug|Any CPU
		{D212518F-B5D3-4DBC-AB39-AFDE1689A036}.Release|Any CPU.ActiveCfg = Release|Any CPU
		{D212518F-B5D3-4DBC-AB39-AFDE1689A036}.Release|Any CPU.Build.0 = Release|Any CPU
		{CAEA4160-FEEA-4103-9ACC-CFB3E0F86FA1}.Debug|Any CPU.ActiveCfg = Debug|Any CPU
		{CAEA4160-FEEA-4103-9ACC-CFB3E0F86FA1}.Debug|Any CPU.Build.0 = Debug|Any CPU
		{CAEA4160-FEEA-4103-9ACC-CFB3E0F86FA1}.Release|Any CPU.ActiveCfg = Release|Any CPU
		{CAEA4160-FEEA-4103-9ACC-CFB3E0F86FA1}.Release|Any CPU.Build.0 = Release|Any CPU
		{E0B34C23-52C1-46EB-8122-9E76C4B5AC1A}.Debug|Any CPU.ActiveCfg = Debug|Any CPU
		{E0B34C23-52C1-46EB-8122-9E76C4B5AC1A}.Debug|Any CPU.Build.0 = Debug|Any CPU
		{E0B34C23-52C1-46EB-8122-9E76C4B5AC1A}.Release|Any CPU.ActiveCfg = Release|Any CPU
		{E0B34C23-52C1-46EB-8122-9E76C4B5AC1A}.Release|Any CPU.Build.0 = Release|Any CPU
	EndGlobalSection
	GlobalSection(SolutionProperties) = preSolution
		HideSolutionNode = FALSE
	EndGlobalSection
	GlobalSection(ExtensibilityGlobals) = postSolution
		SolutionGuid = {5F215677-BAD2-432A-B0DA-32412EC288C1}
	EndGlobalSection
EndGlobal
